
Microsoft Visual Studio Solution File, Format Version 12.00
# Visual Studio Version 17
VisualStudioVersion = 17.9.34622.214
MinimumVisualStudioVersion = 10.0.40219.1
Project("{9A19103F-16F7-4668-BE54-9A1E7A4F7556}") = "BlogApp.Server", "BlogApp.Server\BlogApp.Server.csproj", "{12234569-B333-409B-A727-9B220A542E36}"
EndProject
Project("{9A19103F-16F7-4668-BE54-9A1E7A4F7556}") = "BlogApp.Client", "BlogApp.Client\BlogApp.Client.csproj", "{7B44662D-86C3-4E3A-A659-940EB52A4ABA}"
EndProject
Project("{9A19103F-16F7-4668-BE54-9A1E7A4F7556}") = "BlogApp.Shared", "BlogApp.Shared\BlogApp.Shared.csproj", "{86446C6A-BB70-47B6-84EE-DCC14BC448AC}"
EndProject
Global
	GlobalSection(SolutionConfigurationPlatforms) = preSolution
		Debug|Any CPU = Debug|Any CPU
		Release|Any CPU = Release|Any CPU
	EndGlobalSection
	GlobalSection(ProjectConfigurationPlatforms) = postSolution
		{12234569-B333-409B-A727-9B220A542E36}.Debug|Any CPU.ActiveCfg = Debug|Any CPU
		{12234569-B333-409B-A727-9B220A542E36}.Debug|Any CPU.Build.0 = Debug|Any CPU
		{12234569-B333-409B-A727-9B220A542E36}.Release|Any CPU.ActiveCfg = Release|Any CPU
		{12234569-B333-409B-A727-9B220A542E36}.Release|Any CPU.Build.0 = Release|Any CPU
		{7B44662D-86C3-4E3A-A659-940EB52A4ABA}.Debug|Any CPU.ActiveCfg = Debug|Any CPU
		{7B44662D-86C3-4E3A-A659-940EB52A4ABA}.Debug|Any CPU.Build.0 = Debug|Any CPU
		{7B44662D-86C3-4E3A-A659-940EB52A4ABA}.Release|Any CPU.ActiveCfg = Release|Any CPU
		{7B44662D-86C3-4E3A-A659-940EB52A4ABA}.Release|Any CPU.Build.0 = Release|Any CPU
		{86446C6A-BB70-47B6-84EE-DCC14BC448AC}.Debug|Any CPU.ActiveCfg = Debug|Any CPU
		{86446C6A-BB70-47B6-84EE-DCC14BC448AC}.Debug|Any CPU.Build.0 = Debug|Any CPU
		{86446C6A-BB70-47B6-84EE-DCC14BC448AC}.Release|Any CPU.ActiveCfg = Release|Any CPU
		{86446C6A-BB70-47B6-84EE-DCC14BC448AC}.Release|Any CPU.Build.0 = Release|Any CPU
	EndGlobalSection
	GlobalSection(SolutionProperties) = preSolution
		HideSolutionNode = FALSE
	EndGlobalSection
	GlobalSection(ExtensibilityGlobals) = postSolution
		SolutionGuid = {5DF78C74-2E11-40D3-9815-B4354576C97E}
	EndGlobalSection
EndGlobal
